
Microsoft Visual Studio Solution File, Format Version 12.00
# Visual Studio Version 17
VisualStudioVersion = 17.11.35208.52
MinimumVisualStudioVersion = 10.0.40219.1
Project("{FAE04EC0-301F-11D3-BF4B-00C04F79EFBC}") = "Ejercicio_1", "Ejercicio_1\Ejercicio_1.csproj", "{6B7E9C1E-D691-4C19-83AA-B7ACD6F36874}"
EndProject
Global
	GlobalSection(SolutionConfigurationPlatforms) = preSolution
		Debug|Any CPU = Debug|Any CPU
		Release|Any CPU = Release|Any CPU
	EndGlobalSection
	GlobalSection(ProjectConfigurationPlatforms) = postSolution
		{6B7E9C1E-D691-4C19-83AA-B7ACD6F36874}.Debug|Any CPU.ActiveCfg = Debug|Any CPU
		{6B7E9C1E-D691-4C19-83AA-B7ACD6F36874}.Debug|Any CPU.Build.0 = Debug|Any CPU
		{6B7E9C1E-D691-4C19-83AA-B7ACD6F36874}.Release|Any CPU.ActiveCfg = Release|Any CPU
		{6B7E9C1E-D691-4C19-83AA-B7ACD6F36874}.Release|Any CPU.Build.0 = Release|Any CPU
	EndGlobalSection
	GlobalSection(SolutionProperties) = preSolution
		HideSolutionNode = FALSE
	EndGlobalSection
	GlobalSection(ExtensibilityGlobals) = postSolution
		SolutionGuid = {E08F8C12-404C-4ED7-8B06-D849B9CD8F1B}
	EndGlobalSection
EndGlobal
